# THIS IS AN AUTOGENERATED FILE. DO NOT EDIT THIS FILE DIRECTLY.
# yarn lockfile v1


lucide-react@^0.376.0:
  version "0.376.0"
  resolved "https://registry.yarnpkg.com/lucide-react/-/lucide-react-0.376.0.tgz#79768ff670f2ebabf03cd5a7dccee9915859781a"
  integrity sha512-g91IX3ERD6yUR1TL2dsL4BkcGygpZz/EsqjAeL/kcRQV0EApIOr/9eBfKhYOVyQIcGGuotFGjF3xKLHMEz+b7g==
